
Microsoft Visual Studio Solution File, Format Version 12.00
# Visual Studio Version 16
VisualStudioVersion = 16.0.31321.278
MinimumVisualStudioVersion = 10.0.40219.1
Project("{F184B08F-C81C-45F6-A57F-5ABD9991F28F}") = "CustomFunctionForExpressionEditorExample", "CustomFunctionForExpressionEditorExample\CustomFunctionForExpressionEditorExample.vbproj", "{D8394485-4A50-4072-9C97-FAEF44529DA4}"
EndProject
Global
	GlobalSection(SolutionConfigurationPlatforms) = preSolution
		Debug|Any CPU = Debug|Any CPU
		Release|Any CPU = Release|Any CPU
	EndGlobalSection
	GlobalSection(ProjectConfigurationPlatforms) = postSolution
		{D8394485-4A50-4072-9C97-FAEF44529DA4}.Debug|Any CPU.ActiveCfg = Debug|Any CPU
		{D8394485-4A50-4072-9C97-FAEF44529DA4}.Debug|Any CPU.Build.0 = Debug|Any CPU
		{D8394485-4A50-4072-9C97-FAEF44529DA4}.Release|Any CPU.ActiveCfg = Release|Any CPU
		{D8394485-4A50-4072-9C97-FAEF44529DA4}.Release|Any CPU.Build.0 = Release|Any CPU
	EndGlobalSection
	GlobalSection(SolutionProperties) = preSolution
		HideSolutionNode = FALSE
	EndGlobalSection
	GlobalSection(ExtensibilityGlobals) = postSolution
		SolutionGuid = {3A43D2D6-284C-4CFF-9B99-4CF1DDCC255E}
	EndGlobalSection
EndGlobal
